
Microsoft Visual Studio Solution File, Format Version 12.00
# Visual Studio 15
VisualStudioVersion = 15.0.28307.572
MinimumVisualStudioVersion = 10.0.40219.1
Project("{FAE04EC0-301F-11D3-BF4B-00C04F79EFBC}") = "EmployeeData", "EmployeeData\EmployeeData.csproj", "{AB30F74D-0B63-4F26-B1B7-F3412FBAD276}"
EndProject
Project("{FAE04EC0-301F-11D3-BF4B-00C04F79EFBC}") = "EmployeeTester", "EmployeeTester\EmployeeTester.csproj", "{C149FD50-3A04-4595-93B0-907C1C4729FE}"
EndProject
Global
	GlobalSection(SolutionConfigurationPlatforms) = preSolution
		Debug|Any CPU = Debug|Any CPU
		Release|Any CPU = Release|Any CPU
	EndGlobalSection
	GlobalSection(ProjectConfigurationPlatforms) = postSolution
		{AB30F74D-0B63-4F26-B1B7-F3412FBAD276}.Debug|Any CPU.ActiveCfg = Debug|Any CPU
		{AB30F74D-0B63-4F26-B1B7-F3412FBAD276}.Debug|Any CPU.Build.0 = Debug|Any CPU
		{AB30F74D-0B63-4F26-B1B7-F3412FBAD276}.Release|Any CPU.ActiveCfg = Release|Any CPU
		{AB30F74D-0B63-4F26-B1B7-F3412FBAD276}.Release|Any CPU.Build.0 = Release|Any CPU
		{C149FD50-3A04-4595-93B0-907C1C4729FE}.Debug|Any CPU.ActiveCfg = Debug|Any CPU
		{C149FD50-3A04-4595-93B0-907C1C4729FE}.Debug|Any CPU.Build.0 = Debug|Any CPU
		{C149FD50-3A04-4595-93B0-907C1C4729FE}.Release|Any CPU.ActiveCfg = Release|Any CPU
		{C149FD50-3A04-4595-93B0-907C1C4729FE}.Release|Any CPU.Build.0 = Release|Any CPU
	EndGlobalSection
	GlobalSection(SolutionProperties) = preSolution
		HideSolutionNode = FALSE
	EndGlobalSection
	GlobalSection(ExtensibilityGlobals) = postSolution
		SolutionGuid = {20D83079-EDE3-4CF1-9FC8-C64702E517C6}
	EndGlobalSection
EndGlobal
